
Microsoft Visual Studio Solution File, Format Version 12.00
# Visual Studio 15
VisualStudioVersion = 15.0.28307.1145
MinimumVisualStudioVersion = 10.0.40219.1
Project("{888888A0-9F3D-457C-B088-3A5042F75D52}") = "ResNet50", "ResNet50\ResNet50.pyproj", "{0AC52CF3-91CD-4459-9C40-FF13D16DE67D}"
EndProject
Global
	GlobalSection(SolutionConfigurationPlatforms) = preSolution
		Debug|Any CPU = Debug|Any CPU
		Release|Any CPU = Release|Any CPU
	EndGlobalSection
	GlobalSection(ProjectConfigurationPlatforms) = postSolution
		{0AC52CF3-91CD-4459-9C40-FF13D16DE67D}.Debug|Any CPU.ActiveCfg = Debug|Any CPU
		{0AC52CF3-91CD-4459-9C40-FF13D16DE67D}.Release|Any CPU.ActiveCfg = Release|Any CPU
	EndGlobalSection
	GlobalSection(SolutionProperties) = preSolution
		HideSolutionNode = FALSE
	EndGlobalSection
	GlobalSection(ExtensibilityGlobals) = postSolution
		SolutionGuid = {A4D44AE1-2D3E-4518-AB70-70F13627ABDD}
	EndGlobalSection
EndGlobal
