
Microsoft Visual Studio Solution File, Format Version 12.00
# Visual Studio 15
VisualStudioVersion = 15.0.28307.1082
MinimumVisualStudioVersion = 10.0.40219.1
Project("{888888A0-9F3D-457C-B088-3A5042F75D52}") = "VGG19", "VGG19\VGG19.pyproj", "{FEF128C3-0052-4F8F-9EF0-C9314620245B}"
EndProject
Global
	GlobalSection(SolutionConfigurationPlatforms) = preSolution
		Debug|Any CPU = Debug|Any CPU
		Release|Any CPU = Release|Any CPU
	EndGlobalSection
	GlobalSection(ProjectConfigurationPlatforms) = postSolution
		{FEF128C3-0052-4F8F-9EF0-C9314620245B}.Debug|Any CPU.ActiveCfg = Debug|Any CPU
		{FEF128C3-0052-4F8F-9EF0-C9314620245B}.Release|Any CPU.ActiveCfg = Release|Any CPU
	EndGlobalSection
	GlobalSection(SolutionProperties) = preSolution
		HideSolutionNode = FALSE
	EndGlobalSection
	GlobalSection(ExtensibilityGlobals) = postSolution
		SolutionGuid = {9240B944-0CB8-4587-914E-03F5896F258D}
	EndGlobalSection
EndGlobal
